// !$*UTF8*$!
{
	archiveVersion = 1;
	classes = {
	};
	objectVersion = 46;
	objects = {

/* Begin PBXBuildFile section */
		84992C941E2E08450015CEC6 /* main.m in Sources */ = {isa = PBXBuildFile; fileRef = 84992C931E2E08450015CEC6 /* main.m */; };
		84992C971E2E08450015CEC6 /* AppDelegate.m in Sources */ = {isa = PBXBuildFile; fileRef = 84992C961E2E08450015CEC6 /* AppDelegate.m */; };
		84992C9A1E2E08450015CEC6 /* ViewController.m in Sources */ = {isa = PBXBuildFile; fileRef = 84992C991E2E08450015CEC6 /* ViewController.m */; };
		84992C9D1E2E08450015CEC6 /* Main.storyboard in Resources */ = {isa = PBXBuildFile; fileRef = 84992C9B1E2E08450015CEC6 /* Main.storyboard */; };
		84992C9F1E2E08450015CEC6 /* Assets.xcassets in Resources */ = {isa = PBXBuildFile; fileRef = 84992C9E1E2E08450015CEC6 /* Assets.xcassets */; };
		84992CA21E2E08450015CEC6 /* LaunchScreen.storyboard in Resources */ = {isa = PBXBuildFile; fileRef = 84992CA01E2E08450015CEC6 /* LaunchScreen.storyboard */; };
		84992CAD1E2E08460015CEC6 /* IJKVideoPlayerDemoTests.m in Sources */ = {isa = PBXBuildFile; fileRef = 84992CAC1E2E08460015CEC6 /* IJKVideoPlayerDemoTests.m */; };
		84992CB81E2E08460015CEC6 /* IJKVideoPlayerDemoUITests.m in Sources */ = {isa = PBXBuildFile; fileRef = 84992CB71E2E08460015CEC6 /* IJKVideoPlayerDemoUITests.m */; };
		84992CD41E2F0C690015CEC6 /* AudioToolbox.framework in Frameworks */ = {isa = PBXBuildFile; fileRef = 84992CD31E2F0C690015CEC6 /* AudioToolbox.framework */; };
		84992CD61E2F0C710015CEC6 /* AVFoundation.framework in Frameworks */ = {isa = PBXBuildFile; fileRef = 84992CD51E2F0C710015CEC6 /* AVFoundation.framework */; };
		84992CD81E2F0C780015CEC6 /* CoreGraphics.framework in Frameworks */ = {isa = PBXBuildFile; fileRef = 84992CD71E2F0C780015CEC6 /* CoreGraphics.framework */; };
		84992CDA1E2F0C7F0015CEC6 /* CoreMedia.framework in Frameworks */ = {isa = PBXBuildFile; fileRef = 84992CD91E2F0C7F0015CEC6 /* CoreMedia.framework */; };
		84992CDC1E2F0C860015CEC6 /* CoreVideo.framework in Frameworks */ = {isa = PBXBuildFile; fileRef = 84992CDB1E2F0C860015CEC6 /* CoreVideo.framework */; };
		84992CDE1E2F0C900015CEC6 /* libbz2.tbd in Frameworks */ = {isa = PBXBuildFile; fileRef = 84992CDD1E2F0C900015CEC6 /* libbz2.tbd */; };
		84992CE01E2F0C970015CEC6 /* libz.tbd in Frameworks */ = {isa = PBXBuildFile; fileRef = 84992CDF1E2F0C970015CEC6 /* libz.tbd */; };
		84992CE21E2F0C9E0015CEC6 /* MediaPlayer.framework in Frameworks */ = {isa = PBXBuildFile; fileRef = 84992CE11E2F0C9E0015CEC6 /* MediaPlayer.framework */; };
		84992CE41E2F0CB10015CEC6 /* MobileCoreServices.framework in Frameworks */ = {isa = PBXBuildFile; fileRef = 84992CE31E2F0CB10015CEC6 /* MobileCoreServices.framework */; };
		84992CE61E2F0CB80015CEC6 /* OpenGLES.framework in Frameworks */ = {isa = PBXBuildFile; fileRef = 84992CE51E2F0CB80015CEC6 /* OpenGLES.framework */; };
		84992CE81E2F0CBF0015CEC6 /* QuartzCore.framework in Frameworks */ = {isa = PBXBuildFile; fileRef = 84992CE71E2F0CBF0015CEC6 /* QuartzCore.framework */; };
		84992CEA1E2F0CC70015CEC6 /* UIKit.framework in Frameworks */ = {isa = PBXBuildFile; fileRef = 84992CE91E2F0CC70015CEC6 /* UIKit.framework */; };
		84992CEC1E2F0CD00015CEC6 /* VideoToolbox.framework in Frameworks */ = {isa = PBXBuildFile; fileRef = 84992CEB1E2F0CD00015CEC6 /* VideoToolbox.framework */; };
		84992CF91E309D3C0015CEC6 /* MainViewController.m in Sources */ = {isa = PBXBuildFile; fileRef = 84992CF81E309D3C0015CEC6 /* MainViewController.m */; };
		84992CFF1E3483D00015CEC6 /* MainTableViewCell.m in Sources */ = {isa = PBXBuildFile; fileRef = 84992CFD1E3483D00015CEC6 /* MainTableViewCell.m */; };
		84992D001E3483D00015CEC6 /* MainTableViewCell.xib in Resources */ = {isa = PBXBuildFile; fileRef = 84992CFE1E3483D00015CEC6 /* MainTableViewCell.xib */; };
		84992D021E35A5950015CEC6 /* IJKMediaFramework.framework in Frameworks */ = {isa = PBXBuildFile; fileRef = 84992D011E35A5950015CEC6 /* IJKMediaFramework.framework */; };
/* End PBXBuildFile section */

/* Begin PBXContainerItemProxy section */
		84992CA91E2E08460015CEC6 /* PBXContainerItemProxy */ = {
			isa = PBXContainerItemProxy;
			containerPortal = 84992C871E2E08450015CEC6 /* Project object */;
			proxyType = 1;
			remoteGlobalIDString = 84992C8E1E2E08450015CEC6;
			remoteInfo = IJKVideoPlayerDemo;
		};
		84992CB41E2E08460015CEC6 /* PBXContainerItemProxy */ = {
			isa = PBXContainerItemProxy;
			containerPortal = 84992C871E2E08450015CEC6 /* Project object */;
			proxyType = 1;
			remoteGlobalIDString = 84992C8E1E2E08450015CEC6;
			remoteInfo = IJKVideoPlayerDemo;
		};
/* End PBXContainerItemProxy section */

/* Begin PBXFileReference section */
		84992C8F1E2E08450015CEC6 /* IJKVideoPlayerDemo.app */ = {isa = PBXFileReference; explicitFileType = wrapper.application; includeInIndex = 0; path = IJKVideoPlayerDemo.app; sourceTree = BUILT_PRODUCTS_DIR; };
		84992C931E2E08450015CEC6 /* main.m */ = {isa = PBXFileReference; lastKnownFileType = sourcecode.c.objc; path = main.m; sourceTree = "<group>"; };
		84992C951E2E08450015CEC6 /* AppDelegate.h */ = {isa = PBXFileReference; lastKnownFileType = sourcecode.c.h; path = AppDelegate.h; sourceTree = "<group>"; };
		84992C961E2E08450015CEC6 /* AppDelegate.m */ = {isa = PBXFileReference; lastKnownFileType = sourcecode.c.objc; path = AppDelegate.m; sourceTree = "<group>"; };
		84992C981E2E08450015CEC6 /* ViewController.h */ = {isa = PBXFileReference; lastKnownFileType = sourcecode.c.h; path = ViewController.h; sourceTree = "<group>"; };
		84992C991E2E08450015CEC6 /* ViewController.m */ = {isa = PBXFileReference; lastKnownFileType = sourcecode.c.objc; path = ViewController.m; sourceTree = "<group>"; };
		84992C9C1E2E08450015CEC6 /* Base */ = {isa = PBXFileReference; lastKnownFileType = file.storyboard; name = Base; path = Base.lproj/Main.storyboard; sourceTree = "<group>"; };
		84992C9E1E2E08450015CEC6 /* Assets.xcassets */ = {isa = PBXFileReference; lastKnownFileType = folder.assetcatalog; path = Assets.xcassets; sourceTree = "<group>"; };
		84992CA11E2E08450015CEC6 /* Base */ = {isa = PBXFileReference; lastKnownFileType = file.storyboard; name = Base; path = Base.lproj/LaunchScreen.storyboard; sourceTree = "<group>"; };
		84992CA31E2E08450015CEC6 /* Info.plist */ = {isa = PBXFileReference; lastKnownFileType = text.plist.xml; path = Info.plist; sourceTree = "<group>"; };
		84992CA81E2E08460015CEC6 /* IJKVideoPlayerDemoTests.xctest */ = {isa = PBXFileReference; explicitFileType = wrapper.cfbundle; includeInIndex = 0; path = IJKVideoPlayerDemoTests.xctest; sourceTree = BUILT_PRODUCTS_DIR; };
		84992CAC1E2E08460015CEC6 /* IJKVideoPlayerDemoTests.m */ = {isa = PBXFileReference; lastKnownFileType = sourcecode.c.objc; path = IJKVideoPlayerDemoTests.m; sourceTree = "<group>"; };
		84992CAE1E2E08460015CEC6 /* Info.plist */ = {isa = PBXFileReference; lastKnownFileType = text.plist.xml; path = Info.plist; sourceTree = "<group>"; };
		84992CB31E2E08460015CEC6 /* IJKVideoPlayerDemoUITests.xctest */ = {isa = PBXFileReference; explicitFileType = wrapper.cfbundle; includeInIndex = 0; path = IJKVideoPlayerDemoUITests.xctest; sourceTree = BUILT_PRODUCTS_DIR; };
		84992CB71E2E08460015CEC6 /* IJKVideoPlayerDemoUITests.m */ = {isa = PBXFileReference; lastKnownFileType = sourcecode.c.objc; path = IJKVideoPlayerDemoUITests.m; sourceTree = "<group>"; };
		84992CB91E2E08460015CEC6 /* Info.plist */ = {isa = PBXFileReference; lastKnownFileType = text.plist.xml; path = Info.plist; sourceTree = "<group>"; };
		84992CD31E2F0C690015CEC6 /* AudioToolbox.framework */ = {isa = PBXFileReference; lastKnownFileType = wrapper.framework; name = AudioToolbox.framework; path = System/Library/Frameworks/AudioToolbox.framework; sourceTree = SDKROOT; };
		84992CD51E2F0C710015CEC6 /* AVFoundation.framework */ = {isa = PBXFileReference; lastKnownFileType = wrapper.framework; name = AVFoundation.framework; path = System/Library/Frameworks/AVFoundation.framework; sourceTree = SDKROOT; };
		84992CD71E2F0C780015CEC6 /* CoreGraphics.framework */ = {isa = PBXFileReference; lastKnownFileType = wrapper.framework; name = CoreGraphics.framework; path = System/Library/Frameworks/CoreGraphics.framework; sourceTree = SDKROOT; };
		84992CD91E2F0C7F0015CEC6 /* CoreMedia.framework */ = {isa = PBXFileReference; lastKnownFileType = wrapper.framework; name = CoreMedia.framework; path = System/Library/Frameworks/CoreMedia.framework; sourceTree = SDKROOT; };
		84992CDB1E2F0C860015CEC6 /* CoreVideo.framework */ = {isa = PBXFileReference; lastKnownFileType = wrapper.framework; name = CoreVideo.framework; path = System/Library/Frameworks/CoreVideo.framework; sourceTree = SDKROOT; };
		84992CDD1E2F0C900015CEC6 /* libbz2.tbd */ = {isa = PBXFileReference; lastKnownFileType = "sourcecode.text-based-dylib-definition"; name = libbz2.tbd; path = usr/lib/libbz2.tbd; sourceTree = SDKROOT; };
		84992CDF1E2F0C970015CEC6 /* libz.tbd */ = {isa = PBXFileReference; lastKnownFileType = "sourcecode.text-based-dylib-definition"; name = libz.tbd; path = usr/lib/libz.tbd; sourceTree = SDKROOT; };
		84992CE11E2F0C9E0015CEC6 /* MediaPlayer.framework */ = {isa = PBXFileReference; lastKnownFileType = wrapper.framework; name = MediaPlayer.framework; path = System/Library/Frameworks/MediaPlayer.framework; sourceTree = SDKROOT; };
		84992CE31E2F0CB10015CEC6 /* MobileCoreServices.framework */ = {isa = PBXFileReference; lastKnownFileType = wrapper.framework; name = MobileCoreServices.framework; path = System/Library/Frameworks/MobileCoreServices.framework; sourceTree = SDKROOT; };
		84992CE51E2F0CB80015CEC6 /* OpenGLES.framework */ = {isa = PBXFileReference; lastKnownFileType = wrapper.framework; name = OpenGLES.framework; path = System/Library/Frameworks/OpenGLES.framework; sourceTree = SDKROOT; };
		84992CE71E2F0CBF0015CEC6 /* QuartzCore.framework */ = {isa = PBXFileReference; lastKnownFileType = wrapper.framework; name = QuartzCore.framework; path = System/Library/Frameworks/QuartzCore.framework; sourceTree = SDKROOT; };
		84992CE91E2F0CC70015CEC6 /* UIKit.framework */ = {isa = PBXFileReference; lastKnownFileType = wrapper.framework; name = UIKit.framework; path = System/Library/Frameworks/UIKit.framework; sourceTree = SDKROOT; };
		84992CEB1E2F0CD00015CEC6 /* VideoToolbox.framework */ = {isa = PBXFileReference; lastKnownFileType = wrapper.framework; name = VideoToolbox.framework; path = System/Library/Frameworks/VideoToolbox.framework; sourceTree = SDKROOT; };
		84992CF71E309D3C0015CEC6 /* MainViewController.h */ = {isa = PBXFileReference; fileEncoding = 4; lastKnownFileType = sourcecode.c.h; name = MainViewController.h; path = ../MainViewController.h; sourceTree = "<group>"; };
		84992CF81E309D3C0015CEC6 /* MainViewController.m */ = {isa = PBXFileReference; fileEncoding = 4; lastKnownFileType = sourcecode.c.objc; name = MainViewController.m; path = ../MainViewController.m; sourceTree = "<group>"; };
		84992CFC1E3483D00015CEC6 /* MainTableViewCell.h */ = {isa = PBXFileReference; fileEncoding = 4; lastKnownFileType = sourcecode.c.h; path = MainTableViewCell.h; sourceTree = "<group>"; };
		84992CFD1E3483D00015CEC6 /* MainTableViewCell.m */ = {isa = PBXFileReference; fileEncoding = 4; lastKnownFileType = sourcecode.c.objc; path = MainTableViewCell.m; sourceTree = "<group>"; };
		84992CFE1E3483D00015CEC6 /* MainTableViewCell.xib */ = {isa = PBXFileReference; fileEncoding = 4; lastKnownFileType = file.xib; path = MainTableViewCell.xib; sourceTree = "<group>"; };
		84992D011E35A5950015CEC6 /* IJKMediaFramework.framework */ = {isa = PBXFileReference; lastKnownFileType = wrapper.framework; name = IJKMediaFramework.framework; path = IJKVideoPlayerDemo/Frameworks/IJKMediaFramework.framework; sourceTree = SOURCE_ROOT; };
/* End PBXFileReference section */

/* Begin PBXFrameworksBuildPhase section */
		84992C8C1E2E08450015CEC6 /* Frameworks */ = {
			isa = PBXFrameworksBuildPhase;
			buildActionMask = 2147483647;
			files = (
				84992CEC1E2F0CD00015CEC6 /* VideoToolbox.framework in Frameworks */,
				84992CEA1E2F0CC70015CEC6 /* UIKit.framework in Frameworks */,
				84992CE81E2F0CBF0015CEC6 /* QuartzCore.framework in Frameworks */,
				84992CE61E2F0CB80015CEC6 /* OpenGLES.framework in Frameworks */,
				84992CE41E2F0CB10015CEC6 /* MobileCoreServices.framework in Frameworks */,
				84992CE21E2F0C9E0015CEC6 /* MediaPlayer.framework in Frameworks */,
				84992CE01E2F0C970015CEC6 /* libz.tbd in Frameworks */,
				84992CDE1E2F0C900015CEC6 /* libbz2.tbd in Frameworks */,
				84992CDC1E2F0C860015CEC6 /* CoreVideo.framework in Frameworks */,
				84992CDA1E2F0C7F0015CEC6 /* CoreMedia.framework in Frameworks */,
				84992CD81E2F0C780015CEC6 /* CoreGraphics.framework in Frameworks */,
				84992CD61E2F0C710015CEC6 /* AVFoundation.framework in Frameworks */,
				84992CD41E2F0C690015CEC6 /* AudioToolbox.framework in Frameworks */,
				84992D021E35A5950015CEC6 /* IJKMediaFramework.framework in Frameworks */,
			);
			runOnlyForDeploymentPostprocessing = 0;
		};
		84992CA51E2E08460015CEC6 /* Frameworks */ = {
			isa = PBXFrameworksBuildPhase;
			buildActionMask = 2147483647;
			files = (
			);
			runOnlyForDeploymentPostprocessing = 0;
		};
		84992CB01E2E08460015CEC6 /* Frameworks */ = {
			isa = PBXFrameworksBuildPhase;
			buildActionMask = 2147483647;
			files = (
			);
			runOnlyForDeploymentPostprocessing = 0;
		};
/* End PBXFrameworksBuildPhase section */

/* Begin PBXGroup section */
		84992C861E2E08450015CEC6 = {
			isa = PBXGroup;
			children = (
				84992C911E2E08450015CEC6 /* IJKVideoPlayerDemo */,
				84992CAB1E2E08460015CEC6 /* IJKVideoPlayerDemoTests */,
				84992CB61E2E08460015CEC6 /* IJKVideoPlayerDemoUITests */,
				84992CD01E2F05360015CEC6 /* Frameworks */,
				84992C901E2E08450015CEC6 /* Products */,
			);
			sourceTree = "<group>";
		};
		84992C901E2E08450015CEC6 /* Products */ = {
			isa = PBXGroup;
			children = (
				84992C8F1E2E08450015CEC6 /* IJKVideoPlayerDemo.app */,
				84992CA81E2E08460015CEC6 /* IJKVideoPlayerDemoTests.xctest */,
				84992CB31E2E08460015CEC6 /* IJKVideoPlayerDemoUITests.xctest */,
			);
			name = Products;
			sourceTree = "<group>";
		};
		84992C911E2E08450015CEC6 /* IJKVideoPlayerDemo */ = {
			isa = PBXGroup;
			children = (
				84992CFB1E34821D0015CEC6 /* Views */,
				84992CFA1E309D530015CEC6 /* ViewControllers */,
				84992C951E2E08450015CEC6 /* AppDelegate.h */,
				84992C961E2E08450015CEC6 /* AppDelegate.m */,
				84992C981E2E08450015CEC6 /* ViewController.h */,
				84992C991E2E08450015CEC6 /* ViewController.m */,
				84992C9E1E2E08450015CEC6 /* Assets.xcassets */,
				84992CA01E2E08450015CEC6 /* LaunchScreen.storyboard */,
				84992CA31E2E08450015CEC6 /* Info.plist */,
				84992C921E2E08450015CEC6 /* Supporting Files */,
			);
			path = IJKVideoPlayerDemo;
			sourceTree = "<group>";
		};
		84992C921E2E08450015CEC6 /* Supporting Files */ = {
			isa = PBXGroup;
			children = (
				84992C931E2E08450015CEC6 /* main.m */,
			);
			name = "Supporting Files";
			sourceTree = "<group>";
		};
		84992CAB1E2E08460015CEC6 /* IJKVideoPlayerDemoTests */ = {
			isa = PBXGroup;
			children = (
				84992CAC1E2E08460015CEC6 /* IJKVideoPlayerDemoTests.m */,
				84992CAE1E2E08460015CEC6 /* Info.plist */,
			);
			path = IJKVideoPlayerDemoTests;
			sourceTree = "<group>";
		};
		84992CB61E2E08460015CEC6 /* IJKVideoPlayerDemoUITests */ = {
			isa = PBXGroup;
			children = (
				84992CB71E2E08460015CEC6 /* IJKVideoPlayerDemoUITests.m */,
				84992CB91E2E08460015CEC6 /* Info.plist */,
			);
			path = IJKVideoPlayerDemoUITests;
			sourceTree = "<group>";
		};
		84992CD01E2F05360015CEC6 /* Frameworks */ = {
			isa = PBXGroup;
			children = (
				84992D011E35A5950015CEC6 /* IJKMediaFramework.framework */,
				84992CEB1E2F0CD00015CEC6 /* VideoToolbox.framework */,
				84992CE91E2F0CC70015CEC6 /* UIKit.framework */,
				84992CE71E2F0CBF0015CEC6 /* QuartzCore.framework */,
				84992CE51E2F0CB80015CEC6 /* OpenGLES.framework */,
				84992CE31E2F0CB10015CEC6 /* MobileCoreServices.framework */,
				84992CE11E2F0C9E0015CEC6 /* MediaPlayer.framework */,
				84992CDF1E2F0C970015CEC6 /* libz.tbd */,
				84992CDD1E2F0C900015CEC6 /* libbz2.tbd */,
				84992CDB1E2F0C860015CEC6 /* CoreVideo.framework */,
				84992CD91E2F0C7F0015CEC6 /* CoreMedia.framework */,
				84992CD71E2F0C780015CEC6 /* CoreGraphics.framework */,
				84992CD51E2F0C710015CEC6 /* AVFoundation.framework */,
				84992CD31E2F0C690015CEC6 /* AudioToolbox.framework */,
			);
			path = Frameworks;
			sourceTree = "<group>";
		};
		84992CFA1E309D530015CEC6 /* ViewControllers */ = {
			isa = PBXGroup;
			children = (
				84992CF71E309D3C0015CEC6 /* MainViewController.h */,
				84992CF81E309D3C0015CEC6 /* MainViewController.m */,
				84992C9B1E2E08450015CEC6 /* Main.storyboard */,
			);
			path = ViewControllers;
			sourceTree = "<group>";
		};
		84992CFB1E34821D0015CEC6 /* Views */ = {
			isa = PBXGroup;
			children = (
				84992CFC1E3483D00015CEC6 /* MainTableViewCell.h */,
				84992CFD1E3483D00015CEC6 /* MainTableViewCell.m */,
				84992CFE1E3483D00015CEC6 /* MainTableViewCell.xib */,
			);
			path = Views;
			sourceTree = "<group>";
		};
/* End PBXGroup section */

/* Begin PBXNativeTarget section */
		84992C8E1E2E08450015CEC6 /* IJKVideoPlayerDemo */ = {
			isa = PBXNativeTarget;
			buildConfigurationList = 84992CBC1E2E08460015CEC6 /* Build configuration list for PBXNativeTarget "IJKVideoPlayerDemo" */;
			buildPhases = (
				84992C8B1E2E08450015CEC6 /* Sources */,
				84992C8C1E2E08450015CEC6 /* Frameworks */,
				84992C8D1E2E08450015CEC6 /* Resources */,
			);
			buildRules = (
			);
			dependencies = (
			);
			name = IJKVideoPlayerDemo;
			productName = IJKVideoPlayerDemo;
			productReference = 84992C8F1E2E08450015CEC6 /* IJKVideoPlayerDemo.app */;
			productType = "com.apple.product-type.application";
		};
		84992CA71E2E08460015CEC6 /* IJKVideoPlayerDemoTests */ = {
			isa = PBXNativeTarget;
			buildConfigurationList = 84992CBF1E2E08460015CEC6 /* Build configuration list for PBXNativeTarget "IJKVideoPlayerDemoTests" */;
			buildPhases = (
				84992CA41E2E08460015CEC6 /* Sources */,
				84992CA51E2E08460015CEC6 /* Frameworks */,
				84992CA61E2E08460015CEC6 /* Resources */,
			);
			buildRules = (
			);
			dependencies = (
				84992CAA1E2E08460015CEC6 /* PBXTargetDependency */,
			);
			name = IJKVideoPlayerDemoTests;
			productName = IJKVideoPlayerDemoTests;
			productReference = 84992CA81E2E08460015CEC6 /* IJKVideoPlayerDemoTests.xctest */;
			productType = "com.apple.product-type.bundle.unit-test";
		};
		84992CB21E2E08460015CEC6 /* IJKVideoPlayerDemoUITests */ = {
			isa = PBXNativeTarget;
			buildConfigurationList = 84992CC21E2E08460015CEC6 /* Build configuration list for PBXNativeTarget "IJKVideoPlayerDemoUITests" */;
			buildPhases = (
				84992CAF1E2E08460015CEC6 /* Sources */,
				84992CB01E2E08460015CEC6 /* Frameworks */,
				84992CB11E2E08460015CEC6 /* Resources */,
			);
			buildRules = (
			);
			dependencies = (
				84992CB51E2E08460015CEC6 /* PBXTargetDependency */,
			);
			name = IJKVideoPlayerDemoUITests;
			productName = IJKVideoPlayerDemoUITests;
			productReference = 84992CB31E2E08460015CEC6 /* IJKVideoPlayerDemoUITests.xctest */;
			productType = "com.apple.product-type.bundle.ui-testing";
		};
/* End PBXNativeTarget section */

/* Begin PBXProject section */
		84992C871E2E08450015CEC6 /* Project object */ = {
			isa = PBXProject;
			attributes = {
				LastUpgradeCheck = 0820;
				ORGANIZATIONNAME = thomas;
				TargetAttributes = {
					84992C8E1E2E08450015CEC6 = {
						CreatedOnToolsVersion = 8.2;
						DevelopmentTeam = A76S262L77;
						ProvisioningStyle = Automatic;
					};
					84992CA71E2E08460015CEC6 = {
						CreatedOnToolsVersion = 8.2;
						DevelopmentTeam = 7G7Q7E47G6;
						ProvisioningStyle = Automatic;
						TestTargetID = 84992C8E1E2E08450015CEC6;
					};
					84992CB21E2E08460015CEC6 = {
						CreatedOnToolsVersion = 8.2;
						DevelopmentTeam = 7G7Q7E47G6;
						ProvisioningStyle = Automatic;
						TestTargetID = 84992C8E1E2E08450015CEC6;
					};
				};
			};
			buildConfigurationList = 84992C8A1E2E08450015CEC6 /* Build configuration list for PBXProject "IJKVideoPlayerDemo" */;
			compatibilityVersion = "Xcode 3.2";
			developmentRegion = English;
			hasScannedForEncodings = 0;
			knownRegions = (
				en,
				Base,
			);
			mainGroup = 84992C861E2E08450015CEC6;
			productRefGroup = 84992C901E2E08450015CEC6 /* Products */;
			projectDirPath = "";
			projectRoot = "";
			targets = (
				84992C8E1E2E08450015CEC6 /* IJKVideoPlayerDemo */,
				84992CA71E2E08460015CEC6 /* IJKVideoPlayerDemoTests */,
				84992CB21E2E08460015CEC6 /* IJKVideoPlayerDemoUITests */,
			);
		};
/* End PBXProject section */

/* Begin PBXResourcesBuildPhase section */
		84992C8D1E2E08450015CEC6 /* Resources */ = {
			isa = PBXResourcesBuildPhase;
			buildActionMask = 2147483647;
			files = (
				84992CA21E2E08450015CEC6 /* LaunchScreen.storyboard in Resources */,
				84992C9F1E2E08450015CEC6 /* Assets.xcassets in Resources */,
				84992D001E3483D00015CEC6 /* MainTableViewCell.xib in Resources */,
				84992C9D1E2E08450015CEC6 /* Main.storyboard in Resources */,
			);
			runOnlyForDeploymentPostprocessing = 0;
		};
		84992CA61E2E08460015CEC6 /* Resources */ = {
			isa = PBXResourcesBuildPhase;
			buildActionMask = 2147483647;
			files = (
			);
			runOnlyForDeploymentPostprocessing = 0;
		};
		84992CB11E2E08460015CEC6 /* Resources */ = {
			isa = PBXResourcesBuildPhase;
			buildActionMask = 2147483647;
			files = (
			);
			runOnlyForDeploymentPostprocessing = 0;
		};
/* End PBXResourcesBuildPhase section */

/* Begin PBXSourcesBuildPhase section */
		84992C8B1E2E08450015CEC6 /* Sources */ = {
			isa = PBXSourcesBuildPhase;
			buildActionMask = 2147483647;
			files = (
				84992C9A1E2E08450015CEC6 /* ViewController.m in Sources */,
				84992C971E2E08450015CEC6 /* AppDelegate.m in Sources */,
				84992C941E2E08450015CEC6 /* main.m in Sources */,
				84992CF91E309D3C0015CEC6 /* MainViewController.m in Sources */,
				84992CFF1E3483D00015CEC6 /* MainTableViewCell.m in Sources */,
			);
			runOnlyForDeploymentPostprocessing = 0;
		};
		84992CA41E2E08460015CEC6 /* Sources */ = {
			isa = PBXSourcesBuildPhase;
			buildActionMask = 2147483647;
			files = (
				84992CAD1E2E08460015CEC6 /* IJKVideoPlayerDemoTests.m in Sources */,
			);
			runOnlyForDeploymentPostprocessing = 0;
		};
		84992CAF1E2E08460015CEC6 /* Sources */ = {
			isa = PBXSourcesBuildPhase;
			buildActionMask = 2147483647;
			files = (
				84992CB81E2E08460015CEC6 /* IJKVideoPlayerDemoUITests.m in Sources */,
			);
			runOnlyForDeploymentPostprocessing = 0;
		};
/* End PBXSourcesBuildPhase section */

/* Begin PBXTargetDependency section */
		84992CAA1E2E08460015CEC6 /* PBXTargetDependency */ = {
			isa = PBXTargetDependency;
			target = 84992C8E1E2E08450015CEC6 /* IJKVideoPlayerDemo */;
			targetProxy = 84992CA91E2E08460015CEC6 /* PBXContainerItemProxy */;
		};
		84992CB51E2E08460015CEC6 /* PBXTargetDependency */ = {
			isa = PBXTargetDependency;
			target = 84992C8E1E2E08450015CEC6 /* IJKVideoPlayerDemo */;
			targetProxy = 84992CB41E2E08460015CEC6 /* PBXContainerItemProxy */;
		};
/* End PBXTargetDependency section */

/* Begin PBXVariantGroup section */
		84992C9B1E2E08450015CEC6 /* Main.storyboard */ = {
			isa = PBXVariantGroup;
			children = (
				84992C9C1E2E08450015CEC6 /* Base */,
			);
			name = Main.storyboard;
			path = ..;
			sourceTree = "<group>";
		};
		84992CA01E2E08450015CEC6 /* LaunchScreen.storyboard */ = {
			isa = PBXVariantGroup;
			children = (
				84992CA11E2E08450015CEC6 /* Base */,
			);
			name = LaunchScreen.storyboard;
			sourceTree = "<group>";
		};
/* End PBXVariantGroup section */

/* Begin XCBuildConfiguration section */
		84992CBA1E2E08460015CEC6 /* Debug */ = {
			isa = XCBuildConfiguration;
			buildSettings = {
				ALWAYS_SEARCH_USER_PATHS = NO;
				CLANG_ANALYZER_NONNULL = YES;
				CLANG_CXX_LANGUAGE_STANDARD = "gnu++0x";
				CLANG_CXX_LIBRARY = "libc++";
				CLANG_ENABLE_MODULES = YES;
				CLANG_ENABLE_OBJC_ARC = YES;
				CLANG_WARN_BOOL_CONVERSION = YES;
				CLANG_WARN_CONSTANT_CONVERSION = YES;
				CLANG_WARN_DIRECT_OBJC_ISA_USAGE = YES_ERROR;
				CLANG_WARN_DOCUMENTATION_COMMENTS = YES;
				CLANG_WARN_EMPTY_BODY = YES;
				CLANG_WARN_ENUM_CONVERSION = YES;
				CLANG_WARN_INFINITE_RECURSION = YES;
				CLANG_WARN_INT_CONVERSION = YES;
				CLANG_WARN_OBJC_ROOT_CLASS = YES_ERROR;
				CLANG_WARN_SUSPICIOUS_MOVE = YES;
				CLANG_WARN_UNREACHABLE_CODE = YES;
				CLANG_WARN__DUPLICATE_METHOD_MATCH = YES;
				"CODE_SIGN_IDENTITY[sdk=iphoneos*]" = "iPhone Developer";
				COPY_PHASE_STRIP = NO;
				DEBUG_INFORMATION_FORMAT = dwarf;
				ENABLE_STRICT_OBJC_MSGSEND = YES;
				ENABLE_TESTABILITY = YES;
				GCC_C_LANGUAGE_STANDARD = gnu99;
				GCC_DYNAMIC_NO_PIC = NO;
				GCC_NO_COMMON_BLOCKS = YES;
				GCC_OPTIMIZATION_LEVEL = 0;
				GCC_PREPROCESSOR_DEFINITIONS = (
					"DEBUG=1",
					"$(inherited)",
				);
				GCC_WARN_64_TO_32_BIT_CONVERSION = YES;
				GCC_WARN_ABOUT_RETURN_TYPE = YES_ERROR;
				GCC_WARN_UNDECLARED_SELECTOR = YES;
				GCC_WARN_UNINITIALIZED_AUTOS = YES_AGGRESSIVE;
				GCC_WARN_UNUSED_FUNCTION = YES;
				GCC_WARN_UNUSED_VARIABLE = YES;
				IPHONEOS_DEPLOYMENT_TARGET = 10.2;
				MTL_ENABLE_DEBUG_INFO = YES;
				ONLY_ACTIVE_ARCH = YES;
				SDKROOT = iphoneos;
				TARGETED_DEVICE_FAMILY = "1,2";
			};
			name = Debug;
		};
		84992CBB1E2E08460015CEC6 /* Release */ = {
			isa = XCBuildConfiguration;
			buildSettings = {
				ALWAYS_SEARCH_USER_PATHS = NO;
				CLANG_ANALYZER_NONNULL = YES;
				CLANG_CXX_LANGUAGE_STANDARD = "gnu++0x";
				CLANG_CXX_LIBRARY = "libc++";
				CLANG_ENABLE_MODULES = YES;
				CLANG_ENABLE_OBJC_ARC = YES;
				CLANG_WARN_BOOL_CONVERSION = YES;
				CLANG_WARN_CONSTANT_CONVERSION = YES;
				CLANG_WARN_DIRECT_OBJC_ISA_USAGE = YES_ERROR;
				CLANG_WARN_DOCUMENTATION_COMMENTS = YES;
				CLANG_WARN_EMPTY_BODY = YES;
				CLANG_WARN_ENUM_CONVERSION = YES;
				CLANG_WARN_INFINITE_RECURSION = YES;
				CLANG_WARN_INT_CONVERSION = YES;
				CLANG_WARN_OBJC_ROOT_CLASS = YES_ERROR;
				CLANG_WARN_SUSPICIOUS_MOVE = YES;
				CLANG_WARN_UNREACHABLE_CODE = YES;
				CLANG_WARN__DUPLICATE_METHOD_MATCH = YES;
				"CODE_SIGN_IDENTITY[sdk=iphoneos*]" = "iPhone Developer";
				COPY_PHASE_STRIP = NO;
				DEBUG_INFORMATION_FORMAT = "dwarf-with-dsym";
				ENABLE_NS_ASSERTIONS = NO;
				ENABLE_STRICT_OBJC_MSGSEND = YES;
				GCC_C_LANGUAGE_STANDARD = gnu99;
				GCC_NO_COMMON_BLOCKS = YES;
				GCC_WARN_64_TO_32_BIT_CONVERSION = YES;
				GCC_WARN_ABOUT_RETURN_TYPE = YES_ERROR;
				GCC_WARN_UNDECLARED_SELECTOR = YES;
				GCC_WARN_UNINITIALIZED_AUTOS = YES_AGGRESSIVE;
				GCC_WARN_UNUSED_FUNCTION = YES;
				GCC_WARN_UNUSED_VARIABLE = YES;
				IPHONEOS_DEPLOYMENT_TARGET = 10.2;
				MTL_ENABLE_DEBUG_INFO = NO;
				SDKROOT = iphoneos;
				TARGETED_DEVICE_FAMILY = "1,2";
				VALIDATE_PRODUCT = YES;
			};
			name = Release;
		};
		84992CBD1E2E08460015CEC6 /* Debug */ = {
			isa = XCBuildConfiguration;
			buildSettings = {
				ASSETCATALOG_COMPILER_APPICON_NAME = AppIcon;
				DEVELOPMENT_TEAM = A76S262L77;
				FRAMEWORK_SEARCH_PATHS = (
					"$(inherited)",
					"$(PROJECT_DIR)/Frameworks",
					"$(PROJECT_DIR)/IJKVideoPlayerDemo/Frameworks",
				);
				INFOPLIST_FILE = IJKVideoPlayerDemo/Info.plist;
				IPHONEOS_DEPLOYMENT_TARGET = 8.0;
				LD_RUNPATH_SEARCH_PATHS = "$(inherited) @executable_path/Frameworks";
				PRODUCT_BUNDLE_IDENTIFIER = thomas.IJKVideoPlayerDemo;
				PRODUCT_NAME = "$(TARGET_NAME)";
			};
			name = Debug;
		};
		84992CBE1E2E08460015CEC6 /* Release */ = {
			isa = XCBuildConfiguration;
			buildSettings = {
				ASSETCATALOG_COMPILER_APPICON_NAME = AppIcon;
				DEVELOPMENT_TEAM = A76S262L77;
				FRAMEWORK_SEARCH_PATHS = (
					"$(inherited)",
					"$(PROJECT_DIR)/Frameworks",
					"$(PROJECT_DIR)/IJKVideoPlayerDemo/Frameworks",
				);
				INFOPLIST_FILE = IJKVideoPlayerDemo/Info.plist;
				IPHONEOS_DEPLOYMENT_TARGET = 8.0;
				LD_RUNPATH_SEARCH_PATHS = "$(inherited) @executable_path/Frameworks";
				PRODUCT_BUNDLE_IDENTIFIER = thomas.IJKVideoPlayerDemo;
				PRODUCT_NAME = "$(TARGET_NAME)";
			};
			name = Release;
		};
		84992CC01E2E08460015CEC6 /* Debug */ = {
			isa = XCBuildConfiguration;
			buildSettings = {
				BUNDLE_LOADER = "$(TEST_HOST)";
				DEVELOPMENT_TEAM = 7G7Q7E47G6;
				INFOPLIST_FILE = IJKVideoPlayerDemoTests/Info.plist;
				LD_RUNPATH_SEARCH_PATHS = "$(inherited) @executable_path/Frameworks @loader_path/Frameworks";
				PRODUCT_BUNDLE_IDENTIFIER = thomas.IJKVideoPlayerDemoTests;
				PRODUCT_NAME = "$(TARGET_NAME)";
				TEST_HOST = "$(BUILT_PRODUCTS_DIR)/IJKVideoPlayerDemo.app/IJKVideoPlayerDemo";
			};
			name = Debug;
		};
		84992CC11E2E08460015CEC6 /* Release */ = {
			isa = XCBuildConfiguration;
			buildSettings = {
				BUNDLE_LOADER = "$(TEST_HOST)";
				DEVELOPMENT_TEAM = 7G7Q7E47G6;
				INFOPLIST_FILE = IJKVideoPlayerDemoTests/Info.plist;
				LD_RUNPATH_SEARCH_PATHS = "$(inherited) @executable_path/Frameworks @loader_path/Frameworks";
				PRODUCT_BUNDLE_IDENTIFIER = thomas.IJKVideoPlayerDemoTests;
				PRODUCT_NAME = "$(TARGET_NAME)";
				TEST_HOST = "$(BUILT_PRODUCTS_DIR)/IJKVideoPlayerDemo.app/IJKVideoPlayerDemo";
			};
			name = Release;
		};
		84992CC31E2E08460015CEC6 /* Debug */ = {
			isa = XCBuildConfiguration;
			buildSettings = {
				DEVELOPMENT_TEAM = 7G7Q7E47G6;
				INFOPLIST_FILE = IJKVideoPlayerDemoUITests/Info.plist;
				LD_RUNPATH_SEARCH_PATHS = "$(inherited) @executable_path/Frameworks @loader_path/Frameworks";
				PRODUCT_BUNDLE_IDENTIFIER = thomas.IJKVideoPlayerDemoUITests;
				PRODUCT_NAME = "$(TARGET_NAME)";
				TEST_TARGET_NAME = IJKVideoPlayerDemo;
			};
			name = Debug;
		};
		84992CC41E2E08460015CEC6 /* Release */ = {
			isa = XCBuildConfiguration;
			buildSettings = {
				DEVELOPMENT_TEAM = 7G7Q7E47G6;
				INFOPLIST_FILE = IJKVideoPlayerDemoUITests/Info.plist;
				LD_RUNPATH_SEARCH_PATHS = "$(inherited) @executable_path/Frameworks @loader_path/Frameworks";
				PRODUCT_BUNDLE_IDENTIFIER = thomas.IJKVideoPlayerDemoUITests;
				PRODUCT_NAME = "$(TARGET_NAME)";
				TEST_TARGET_NAME = IJKVideoPlayerDemo;
			};
			name = Release;
		};
/* End XCBuildConfiguration section */

/* Begin XCConfigurationList section */
		84992C8A1E2E08450015CEC6 /* Build configuration list for PBXProject "IJKVideoPlayerDemo" */ = {
			isa = XCConfigurationList;
			buildConfigurations = (
				84992CBA1E2E08460015CEC6 /* Debug */,
				84992CBB1E2E08460015CEC6 /* Release */,
			);
			defaultConfigurationIsVisible = 0;
			defaultConfigurationName = Release;
		};
		84992CBC1E2E08460015CEC6 /* Build configuration list for PBXNativeTarget "IJKVideoPlayerDemo" */ = {
			isa = XCConfigurationList;
			buildConfigurations = (
				84992CBD1E2E08460015CEC6 /* Debug */,
				84992CBE1E2E08460015CEC6 /* Release */,
			);
			defaultConfigurationIsVisible = 0;
			defaultConfigurationName = Release;
		};
		84992CBF1E2E08460015CEC6 /* Build configuration list for PBXNativeTarget "IJKVideoPlayerDemoTests" */ = {
			isa = XCConfigurationList;
			buildConfigurations = (
				84992CC01E2E08460015CEC6 /* Debug */,
				84992CC11E2E08460015CEC6 /* Release */,
			);
			defaultConfigurationIsVisible = 0;
			defaultConfigurationName = Release;
		};
		84992CC21E2E08460015CEC6 /* Build configuration list for PBXNativeTarget "IJKVideoPlayerDemoUITests" */ = {
			isa = XCConfigurationList;
			buildConfigurations = (
				84992CC31E2E08460015CEC6 /* Debug */,
				84992CC41E2E08460015CEC6 /* Release */,
			);
			defaultConfigurationIsVisible = 0;
			defaultConfigurationName = Release;
		};
/* End XCConfigurationList section */
	};
	rootObject = 84992C871E2E08450015CEC6 /* Project object */;
}
